// !$*UTF8*$!
{
	archiveVersion = 1;
	classes = {
	};
	objectVersion = 56;
	objects = {

/* Begin PBXBuildFile section */
		693C9CB32ABEE67200A2DB62 /* HotKey in Frameworks */ = {isa = PBXBuildFile; productRef = 693C9CB22ABEE67200A2DB62 /* HotKey */; };
		693C9D072ABEFDB400A2DB62 /* FocusFilters.swift in Sources */ = {isa = PBXBuildFile; fileRef = 693C9CB42ABEEC3500A2DB62 /* FocusFilters.swift */; };
		69A392FB2AAE152B007B9101 /* WidgetTogglerApp.swift in Sources */ = {isa = PBXBuildFile; fileRef = 69A392FA2AAE152B007B9101 /* WidgetTogglerApp.swift */; };
		69A392FF2AAE152C007B9101 /* Assets.xcassets in Resources */ = {isa = PBXBuildFile; fileRef = 69A392FE2AAE152C007B9101 /* Assets.xcassets */; };
		69A393022AAE152C007B9101 /* Preview Assets.xcassets in Resources */ = {isa = PBXBuildFile; fileRef = 69A393012AAE152C007B9101 /* Preview Assets.xcassets */; };
		69A3930A2AAE1A80007B9101 /* WidgetsPrefs.swift in Sources */ = {isa = PBXBuildFile; fileRef = 69A393092AAE1A80007B9101 /* WidgetsPrefs.swift */; };
		69B7C75D2AAEFFD800804939 /* UserDefaults.swift in Sources */ = {isa = PBXBuildFile; fileRef = 69B7C75C2AAEFFD800804939 /* UserDefaults.swift */; };
		69ED90242AAF752600137DA5 /* LaunchAtLogin in Frameworks */ = {isa = PBXBuildFile; productRef = 69ED90232AAF752600137DA5 /* LaunchAtLogin */; };
		69ED90262AAF788A00137DA5 /* Bundle.swift in Sources */ = {isa = PBXBuildFile; fileRef = 69ED90252AAF788A00137DA5 /* Bundle.swift */; };
/* End PBXBuildFile section */

/* Begin PBXCopyFilesBuildPhase section */
		693C9CC92ABEECF800A2DB62 /* Embed Foundation Extensions */ = {
			isa = PBXCopyFilesBuildPhase;
			buildActionMask = 2147483647;
			dstPath = "";
			dstSubfolderSpec = 13;
			files = (
			);
			name = "Embed Foundation Extensions";
			runOnlyForDeploymentPostprocessing = 0;
		};
		693C9CDC2ABEED0B00A2DB62 /* Embed ExtensionKit Extensions */ = {
			isa = PBXCopyFilesBuildPhase;
			buildActionMask = 2147483647;
			dstPath = "$(EXTENSIONS_FOLDER_PATH)";
			dstSubfolderSpec = 16;
			files = (
			);
			name = "Embed ExtensionKit Extensions";
			runOnlyForDeploymentPostprocessing = 0;
		};
/* End PBXCopyFilesBuildPhase section */

/* Begin PBXFileReference section */
		693C9CB42ABEEC3500A2DB62 /* FocusFilters.swift */ = {isa = PBXFileReference; lastKnownFileType = sourcecode.swift; path = FocusFilters.swift; sourceTree = "<group>"; };
		693C9CBC2ABEECF800A2DB62 /* Intents.framework */ = {isa = PBXFileReference; lastKnownFileType = wrapper.framework; name = Intents.framework; path = System/Library/Frameworks/Intents.framework; sourceTree = SDKROOT; };
		693C9D062ABEFCE400A2DB62 /* Info.plist */ = {isa = PBXFileReference; lastKnownFileType = text.plist; path = Info.plist; sourceTree = "<group>"; };
		69A392F72AAE152B007B9101 /* WidgetToggler.app */ = {isa = PBXFileReference; explicitFileType = wrapper.application; includeInIndex = 0; path = WidgetToggler.app; sourceTree = BUILT_PRODUCTS_DIR; };
		69A392FA2AAE152B007B9101 /* WidgetTogglerApp.swift */ = {isa = PBXFileReference; lastKnownFileType = sourcecode.swift; path = WidgetTogglerApp.swift; sourceTree = "<group>"; };
		69A392FE2AAE152C007B9101 /* Assets.xcassets */ = {isa = PBXFileReference; lastKnownFileType = folder.assetcatalog; path = Assets.xcassets; sourceTree = "<group>"; };
		69A393012AAE152C007B9101 /* Preview Assets.xcassets */ = {isa = PBXFileReference; lastKnownFileType = folder.assetcatalog; path = "Preview Assets.xcassets"; sourceTree = "<group>"; };
		69A393032AAE152C007B9101 /* WidgetToggler.entitlements */ = {isa = PBXFileReference; lastKnownFileType = text.plist.entitlements; path = WidgetToggler.entitlements; sourceTree = "<group>"; };
		69A393092AAE1A80007B9101 /* WidgetsPrefs.swift */ = {isa = PBXFileReference; lastKnownFileType = sourcecode.swift; path = WidgetsPrefs.swift; sourceTree = "<group>"; };
		69B7C75C2AAEFFD800804939 /* UserDefaults.swift */ = {isa = PBXFileReference; lastKnownFileType = sourcecode.swift; path = UserDefaults.swift; sourceTree = "<group>"; };
		69ED90252AAF788A00137DA5 /* Bundle.swift */ = {isa = PBXFileReference; lastKnownFileType = sourcecode.swift; path = Bundle.swift; sourceTree = "<group>"; };
/* End PBXFileReference section */

/* Begin PBXFrameworksBuildPhase section */
		69A392F42AAE152B007B9101 /* Frameworks */ = {
			isa = PBXFrameworksBuildPhase;
			buildActionMask = 2147483647;
			files = (
				693C9CB32ABEE67200A2DB62 /* HotKey in Frameworks */,
				69ED90242AAF752600137DA5 /* LaunchAtLogin in Frameworks */,
			);
			runOnlyForDeploymentPostprocessing = 0;
		};
/* End PBXFrameworksBuildPhase section */

/* Begin PBXGroup section */
		693C9CBB2ABEECF800A2DB62 /* Frameworks */ = {
			isa = PBXGroup;
			children = (
				693C9CBC2ABEECF800A2DB62 /* Intents.framework */,
			);
			name = Frameworks;
			sourceTree = "<group>";
		};
		693C9CF02ABEF0C000A2DB62 /* Shared */ = {
			isa = PBXGroup;
			children = (
				69A393092AAE1A80007B9101 /* WidgetsPrefs.swift */,
				69B7C75C2AAEFFD800804939 /* UserDefaults.swift */,
			);
			path = Shared;
			sourceTree = "<group>";
		};
		69A392EE2AAE152B007B9101 = {
			isa = PBXGroup;
			children = (
				69A392F92AAE152B007B9101 /* WidgetToggler */,
				693C9CBB2ABEECF800A2DB62 /* Frameworks */,
				69A392F82AAE152B007B9101 /* Products */,
			);
			sourceTree = "<group>";
		};
		69A392F82AAE152B007B9101 /* Products */ = {
			isa = PBXGroup;
			children = (
				69A392F72AAE152B007B9101 /* WidgetToggler.app */,
			);
			name = Products;
			sourceTree = "<group>";
		};
		69A392F92AAE152B007B9101 /* WidgetToggler */ = {
			isa = PBXGroup;
			children = (
				693C9D062ABEFCE400A2DB62 /* Info.plist */,
				693C9CF02ABEF0C000A2DB62 /* Shared */,
				69A392FA2AAE152B007B9101 /* WidgetTogglerApp.swift */,
				693C9CB42ABEEC3500A2DB62 /* FocusFilters.swift */,
				69ED90252AAF788A00137DA5 /* Bundle.swift */,
				69A392FE2AAE152C007B9101 /* Assets.xcassets */,
				69A393032AAE152C007B9101 /* WidgetToggler.entitlements */,
				69A393002AAE152C007B9101 /* Preview Content */,
			);
			path = WidgetToggler;
			sourceTree = "<group>";
		};
		69A393002AAE152C007B9101 /* Preview Content */ = {
			isa = PBXGroup;
			children = (
				69A393012AAE152C007B9101 /* Preview Assets.xcassets */,
			);
			path = "Preview Content";
			sourceTree = "<group>";
		};
/* End PBXGroup section */

/* Begin PBXNativeTarget section */
		69A392F62AAE152B007B9101 /* WidgetToggler */ = {
			isa = PBXNativeTarget;
			buildConfigurationList = 69A393062AAE152C007B9101 /* Build configuration list for PBXNativeTarget "WidgetToggler" */;
			buildPhases = (
				69A392F32AAE152B007B9101 /* Sources */,
				69A392F42AAE152B007B9101 /* Frameworks */,
				69A392F52AAE152B007B9101 /* Resources */,
				693C9CC92ABEECF800A2DB62 /* Embed Foundation Extensions */,
				693C9CDC2ABEED0B00A2DB62 /* Embed ExtensionKit Extensions */,
			);
			buildRules = (
			);
			dependencies = (
			);
			name = WidgetToggler;
			packageProductDependencies = (
				69ED90232AAF752600137DA5 /* LaunchAtLogin */,
				693C9CB22ABEE67200A2DB62 /* HotKey */,
			);
			productName = WidgetToggler;
			productReference = 69A392F72AAE152B007B9101 /* WidgetToggler.app */;
			productType = "com.apple.product-type.application";
		};
/* End PBXNativeTarget section */

/* Begin PBXProject section */
		69A392EF2AAE152B007B9101 /* Project object */ = {
			isa = PBXProject;
			attributes = {
				BuildIndependentTargetsInParallel = 1;
				LastSwiftUpdateCheck = 1500;
				LastUpgradeCheck = 1500;
				TargetAttributes = {
					69A392F62AAE152B007B9101 = {
						CreatedOnToolsVersion = 15.0;
					};
				};
			};
			buildConfigurationList = 69A392F22AAE152B007B9101 /* Build configuration list for PBXProject "WidgetToggler" */;
			compatibilityVersion = "Xcode 14.0";
			developmentRegion = en;
			hasScannedForEncodings = 0;
			knownRegions = (
				en,
				Base,
			);
			mainGroup = 69A392EE2AAE152B007B9101;
			packageReferences = (
				69ED90222AAF752600137DA5 /* XCRemoteSwiftPackageReference "LaunchAtLogin-Modern" */,
				693C9CB12ABEE67200A2DB62 /* XCRemoteSwiftPackageReference "HotKey" */,
			);
			productRefGroup = 69A392F82AAE152B007B9101 /* Products */;
			projectDirPath = "";
			projectRoot = "";
			targets = (
				69A392F62AAE152B007B9101 /* WidgetToggler */,
			);
		};
/* End PBXProject section */

/* Begin PBXResourcesBuildPhase section */
		69A392F52AAE152B007B9101 /* Resources */ = {
			isa = PBXResourcesBuildPhase;
			buildActionMask = 2147483647;
			files = (
				69A393022AAE152C007B9101 /* Preview Assets.xcassets in Resources */,
				69A392FF2AAE152C007B9101 /* Assets.xcassets in Resources */,
			);
			runOnlyForDeploymentPostprocessing = 0;
		};
/* End PBXResourcesBuildPhase section */

/* Begin PBXSourcesBuildPhase section */
		69A392F32AAE152B007B9101 /* Sources */ = {
			isa = PBXSourcesBuildPhase;
			buildActionMask = 2147483647;
			files = (
				69B7C75D2AAEFFD800804939 /* UserDefaults.swift in Sources */,
				69ED90262AAF788A00137DA5 /* Bundle.swift in Sources */,
				69A3930A2AAE1A80007B9101 /* WidgetsPrefs.swift in Sources */,
				693C9D072ABEFDB400A2DB62 /* FocusFilters.swift in Sources */,
				69A392FB2AAE152B007B9101 /* WidgetTogglerApp.swift in Sources */,
			);
			runOnlyForDeploymentPostprocessing = 0;
		};
/* End PBXSourcesBuildPhase section */

/* Begin XCBuildConfiguration section */
		69A393042AAE152C007B9101 /* Debug */ = {
			isa = XCBuildConfiguration;
			buildSettings = {
				ALWAYS_SEARCH_USER_PATHS = NO;
				ASSETCATALOG_COMPILER_GENERATE_SWIFT_ASSET_SYMBOL_EXTENSIONS = YES;
				CLANG_ANALYZER_NONNULL = YES;
				CLANG_ANALYZER_NUMBER_OBJECT_CONVERSION = YES_AGGRESSIVE;
				CLANG_CXX_LANGUAGE_STANDARD = "gnu++20";
				CLANG_ENABLE_MODULES = YES;
				CLANG_ENABLE_OBJC_ARC = YES;
				CLANG_ENABLE_OBJC_WEAK = YES;
				CLANG_WARN_BLOCK_CAPTURE_AUTORELEASING = YES;
				CLANG_WARN_BOOL_CONVERSION = YES;
				CLANG_WARN_COMMA = YES;
				CLANG_WARN_CONSTANT_CONVERSION = YES;
				CLANG_WARN_DEPRECATED_OBJC_IMPLEMENTATIONS = YES;
				CLANG_WARN_DIRECT_OBJC_ISA_USAGE = YES_ERROR;
				CLANG_WARN_DOCUMENTATION_COMMENTS = YES;
				CLANG_WARN_EMPTY_BODY = YES;
				CLANG_WARN_ENUM_CONVERSION = YES;
				CLANG_WARN_INFINITE_RECURSION = YES;
				CLANG_WARN_INT_CONVERSION = YES;
				CLANG_WARN_NON_LITERAL_NULL_CONVERSION = YES;
				CLANG_WARN_OBJC_IMPLICIT_RETAIN_SELF = YES;
				CLANG_WARN_OBJC_LITERAL_CONVERSION = YES;
				CLANG_WARN_OBJC_ROOT_CLASS = YES_ERROR;
				CLANG_WARN_QUOTED_INCLUDE_IN_FRAMEWORK_HEADER = YES;
				CLANG_WARN_RANGE_LOOP_ANALYSIS = YES;
				CLANG_WARN_STRICT_PROTOTYPES = YES;
				CLANG_WARN_SUSPICIOUS_MOVE = YES;
				CLANG_WARN_UNGUARDED_AVAILABILITY = YES_AGGRESSIVE;
				CLANG_WARN_UNREACHABLE_CODE = YES;
				CLANG_WARN__DUPLICATE_METHOD_MATCH = YES;
				COPY_PHASE_STRIP = NO;
				DEBUG_INFORMATION_FORMAT = dwarf;
				ENABLE_STRICT_OBJC_MSGSEND = YES;
				ENABLE_TESTABILITY = YES;
				ENABLE_USER_SCRIPT_SANDBOXING = YES;
				GCC_C_LANGUAGE_STANDARD = gnu17;
				GCC_DYNAMIC_NO_PIC = NO;
				GCC_NO_COMMON_BLOCKS = YES;
				GCC_OPTIMIZATION_LEVEL = 0;
				GCC_PREPROCESSOR_DEFINITIONS = (
					"DEBUG=1",
					"$(inherited)",
				);
				GCC_WARN_64_TO_32_BIT_CONVERSION = YES;
				GCC_WARN_ABOUT_RETURN_TYPE = YES_ERROR;
				GCC_WARN_UNDECLARED_SELECTOR = YES;
				GCC_WARN_UNINITIALIZED_AUTOS = YES_AGGRESSIVE;
				GCC_WARN_UNUSED_FUNCTION = YES;
				GCC_WARN_UNUSED_VARIABLE = YES;
				LOCALIZATION_PREFERS_STRING_CATALOGS = YES;
				MACOSX_DEPLOYMENT_TARGET = 14.0;
				MTL_ENABLE_DEBUG_INFO = INCLUDE_SOURCE;
				MTL_FAST_MATH = YES;
				ONLY_ACTIVE_ARCH = YES;
				SDKROOT = macosx;
				SWIFT_ACTIVE_COMPILATION_CONDITIONS = "DEBUG $(inherited)";
				SWIFT_OPTIMIZATION_LEVEL = "-Onone";
			};
			name = Debug;
		};
		69A393052AAE152C007B9101 /* Release */ = {
			isa = XCBuildConfiguration;
			buildSettings = {
				ALWAYS_SEARCH_USER_PATHS = NO;
				ASSETCATALOG_COMPILER_GENERATE_SWIFT_ASSET_SYMBOL_EXTENSIONS = YES;
				CLANG_ANALYZER_NONNULL = YES;
				CLANG_ANALYZER_NUMBER_OBJECT_CONVERSION = YES_AGGRESSIVE;
				CLANG_CXX_LANGUAGE_STANDARD = "gnu++20";
				CLANG_ENABLE_MODULES = YES;
				CLANG_ENABLE_OBJC_ARC = YES;
				CLANG_ENABLE_OBJC_WEAK = YES;
				CLANG_WARN_BLOCK_CAPTURE_AUTORELEASING = YES;
				CLANG_WARN_BOOL_CONVERSION = YES;
				CLANG_WARN_COMMA = YES;
				CLANG_WARN_CONSTANT_CONVERSION = YES;
				CLANG_WARN_DEPRECATED_OBJC_IMPLEMENTATIONS = YES;
				CLANG_WARN_DIRECT_OBJC_ISA_USAGE = YES_ERROR;
				CLANG_WARN_DOCUMENTATION_COMMENTS = YES;
				CLANG_WARN_EMPTY_BODY = YES;
				CLANG_WARN_ENUM_CONVERSION = YES;
				CLANG_WARN_INFINITE_RECURSION = YES;
				CLANG_WARN_INT_CONVERSION = YES;
				CLANG_WARN_NON_LITERAL_NULL_CONVERSION = YES;
				CLANG_WARN_OBJC_IMPLICIT_RETAIN_SELF = YES;
				CLANG_WARN_OBJC_LITERAL_CONVERSION = YES;
				CLANG_WARN_OBJC_ROOT_CLASS = YES_ERROR;
				CLANG_WARN_QUOTED_INCLUDE_IN_FRAMEWORK_HEADER = YES;
				CLANG_WARN_RANGE_LOOP_ANALYSIS = YES;
				CLANG_WARN_STRICT_PROTOTYPES = YES;
				CLANG_WARN_SUSPICIOUS_MOVE = YES;
				CLANG_WARN_UNGUARDED_AVAILABILITY = YES_AGGRESSIVE;
				CLANG_WARN_UNREACHABLE_CODE = YES;
				CLANG_WARN__DUPLICATE_METHOD_MATCH = YES;
				COPY_PHASE_STRIP = NO;
				DEBUG_INFORMATION_FORMAT = "dwarf-with-dsym";
				ENABLE_NS_ASSERTIONS = NO;
				ENABLE_STRICT_OBJC_MSGSEND = YES;
				ENABLE_USER_SCRIPT_SANDBOXING = YES;
				GCC_C_LANGUAGE_STANDARD = gnu17;
				GCC_NO_COMMON_BLOCKS = YES;
				GCC_WARN_64_TO_32_BIT_CONVERSION = YES;
				GCC_WARN_ABOUT_RETURN_TYPE = YES_ERROR;
				GCC_WARN_UNDECLARED_SELECTOR = YES;
				GCC_WARN_UNINITIALIZED_AUTOS = YES_AGGRESSIVE;
				GCC_WARN_UNUSED_FUNCTION = YES;
				GCC_WARN_UNUSED_VARIABLE = YES;
				LOCALIZATION_PREFERS_STRING_CATALOGS = YES;
				MACOSX_DEPLOYMENT_TARGET = 14.0;
				MTL_ENABLE_DEBUG_INFO = NO;
				MTL_FAST_MATH = YES;
				SDKROOT = macosx;
				SWIFT_COMPILATION_MODE = wholemodule;
			};
			name = Release;
		};
		69A393072AAE152C007B9101 /* Debug */ = {
			isa = XCBuildConfiguration;
			buildSettings = {
				ALWAYS_EMBED_SWIFT_STANDARD_LIBRARIES = YES;
				ASSETCATALOG_COMPILER_APPICON_NAME = AppIcon;
				ASSETCATALOG_COMPILER_GLOBAL_ACCENT_COLOR_NAME = AccentColor;
				CODE_SIGN_ENTITLEMENTS = WidgetToggler/WidgetToggler.entitlements;
				CODE_SIGN_STYLE = Automatic;
				COMBINE_HIDPI_IMAGES = YES;
				CURRENT_PROJECT_VERSION = 2;
				DEVELOPMENT_ASSET_PATHS = "\"WidgetToggler/Preview Content\"";
				DEVELOPMENT_TEAM = VEESE9857L;
				ENABLE_HARDENED_RUNTIME = YES;
				ENABLE_PREVIEWS = YES;
				GENERATE_INFOPLIST_FILE = YES;
				INFOPLIST_FILE = WidgetToggler/Info.plist;
				INFOPLIST_KEY_CFBundleDisplayName = "Widget Toggler";
				INFOPLIST_KEY_LSUIElement = YES;
				INFOPLIST_KEY_NSHumanReadableCopyright = "";
				LD_RUNPATH_SEARCH_PATHS = (
					"$(inherited)",
					"@executable_path/../Frameworks",
				);
				MARKETING_VERSION = 1.1;
				PRODUCT_BUNDLE_IDENTIFIER = com.sieren.WidgetToggler;
				PRODUCT_NAME = "$(TARGET_NAME)";
				SWIFT_EMIT_LOC_STRINGS = YES;
				SWIFT_VERSION = 5.0;
			};
			name = Debug;
		};
		69A393082AAE152C007B9101 /* Release */ = {
			isa = XCBuildConfiguration;
			buildSettings = {
				ALWAYS_EMBED_SWIFT_STANDARD_LIBRARIES = YES;
				ASSETCATALOG_COMPILER_APPICON_NAME = AppIcon;
				ASSETCATALOG_COMPILER_GLOBAL_ACCENT_COLOR_NAME = AccentColor;
				CODE_SIGN_ENTITLEMENTS = WidgetToggler/WidgetToggler.entitlements;
				CODE_SIGN_STYLE = Automatic;
				COMBINE_HIDPI_IMAGES = YES;
				CURRENT_PROJECT_VERSION = 2;
				DEVELOPMENT_ASSET_PATHS = "\"WidgetToggler/Preview Content\"";
				DEVELOPMENT_TEAM = VEESE9857L;
				ENABLE_HARDENED_RUNTIME = YES;
				ENABLE_PREVIEWS = YES;
				GENERATE_INFOPLIST_FILE = YES;
				INFOPLIST_FILE = WidgetToggler/Info.plist;
				INFOPLIST_KEY_CFBundleDisplayName = "Widget Toggler";
				INFOPLIST_KEY_LSUIElement = YES;
				INFOPLIST_KEY_NSHumanReadableCopyright = "";
				LD_RUNPATH_SEARCH_PATHS = (
					"$(inherited)",
					"@executable_path/../Frameworks",
				);
				MARKETING_VERSION = 1.1;
				PRODUCT_BUNDLE_IDENTIFIER = com.sieren.WidgetToggler;
				PRODUCT_NAME = "$(TARGET_NAME)";
				SWIFT_EMIT_LOC_STRINGS = YES;
				SWIFT_VERSION = 5.0;
			};
			name = Release;
		};
/* End XCBuildConfiguration section */

/* Begin XCConfigurationList section */
		69A392F22AAE152B007B9101 /* Build configuration list for PBXProject "WidgetToggler" */ = {
			isa = XCConfigurationList;
			buildConfigurations = (
				69A393042AAE152C007B9101 /* Debug */,
				69A393052AAE152C007B9101 /* Release */,
			);
			defaultConfigurationIsVisible = 0;
			defaultConfigurationName = Release;
		};
		69A393062AAE152C007B9101 /* Build configuration list for PBXNativeTarget "WidgetToggler" */ = {
			isa = XCConfigurationList;
			buildConfigurations = (
				69A393072AAE152C007B9101 /* Debug */,
				69A393082AAE152C007B9101 /* Release */,
			);
			defaultConfigurationIsVisible = 0;
			defaultConfigurationName = Release;
		};
/* End XCConfigurationList section */

/* Begin XCRemoteSwiftPackageReference section */
		693C9CB12ABEE67200A2DB62 /* XCRemoteSwiftPackageReference "HotKey" */ = {
			isa = XCRemoteSwiftPackageReference;
			repositoryURL = "https://github.com/soffes/HotKey.git";
			requirement = {
				branch = main;
				kind = branch;
			};
		};
		69ED90222AAF752600137DA5 /* XCRemoteSwiftPackageReference "LaunchAtLogin-Modern" */ = {
			isa = XCRemoteSwiftPackageReference;
			repositoryURL = "https://github.com/sindresorhus/LaunchAtLogin-Modern";
			requirement = {
				branch = main;
				kind = branch;
			};
		};
/* End XCRemoteSwiftPackageReference section */

/* Begin XCSwiftPackageProductDependency section */
		693C9CB22ABEE67200A2DB62 /* HotKey */ = {
			isa = XCSwiftPackageProductDependency;
			package = 693C9CB12ABEE67200A2DB62 /* XCRemoteSwiftPackageReference "HotKey" */;
			productName = HotKey;
		};
		69ED90232AAF752600137DA5 /* LaunchAtLogin */ = {
			isa = XCSwiftPackageProductDependency;
			package = 69ED90222AAF752600137DA5 /* XCRemoteSwiftPackageReference "LaunchAtLogin-Modern" */;
			productName = LaunchAtLogin;
		};
/* End XCSwiftPackageProductDependency section */
	};
	rootObject = 69A392EF2AAE152B007B9101 /* Project object */;
}
